
Microsoft Visual Studio Solution File, Format Version 12.00
# Visual Studio Version 16
VisualStudioVersion = 16.0.31019.35
MinimumVisualStudioVersion = 10.0.40219.1
Project("{FAE04EC0-301F-11D3-BF4B-00C04F79EFBC}") = "Temperature Convertor", "Temperature Convertor\Temperature Convertor.csproj", "{6C1E11C7-C79E-4793-AA79-FF12FC68CBB5}"
EndProject
Global
	GlobalSection(SolutionConfigurationPlatforms) = preSolution
		Debug|Any CPU = Debug|Any CPU
		Release|Any CPU = Release|Any CPU
	EndGlobalSection
	GlobalSection(ProjectConfigurationPlatforms) = postSolution
		{6C1E11C7-C79E-4793-AA79-FF12FC68CBB5}.Debug|Any CPU.ActiveCfg = Debug|Any CPU
		{6C1E11C7-C79E-4793-AA79-FF12FC68CBB5}.Debug|Any CPU.Build.0 = Debug|Any CPU
		{6C1E11C7-C79E-4793-AA79-FF12FC68CBB5}.Release|Any CPU.ActiveCfg = Release|Any CPU
		{6C1E11C7-C79E-4793-AA79-FF12FC68CBB5}.Release|Any CPU.Build.0 = Release|Any CPU
	EndGlobalSection
	GlobalSection(SolutionProperties) = preSolution
		HideSolutionNode = FALSE
	EndGlobalSection
	GlobalSection(ExtensibilityGlobals) = postSolution
		SolutionGuid = {23418537-2313-411B-94BD-C243FFA1DB82}
	EndGlobalSection
EndGlobal
